lockfileVersion: 5.4

specifiers:
  got: ^12.5.3
  nostr: github:jb55/nostr-js
  prettier: ^2.8.1

dependencies:
  got: 12.5.3
  nostr: github.com/jb55/nostr-js/e27e92f121decf7c2b55c5f2e7be55a5a9e3e051
  prettier: 2.8.1

packages:

  /@sindresorhus/is/5.3.0:
    resolution: {integrity: sha512-CX6t4SYQ37lzxicAqsBtxA3OseeoVrh9cSJ5PFYam0GksYlupRfy1A+Q4aYD3zvcfECLc0zO2u+ZnR2UYKvCrw==}
    engines: {node: '>=14.16'}
    dev: false

  /@szmarczak/http-timer/5.0.1:
    resolution: {integrity: sha512-+PmQX0PiAYPMeVYe237LJAYvOMYW1j2rH5YROyS3b4CTVJum34HfRvKvAzozHAQG0TnHNdUfY9nCeUyRAs//cw==}
    engines: {node: '>=14.16'}
    dependencies:
      defer-to-connect: 2.0.1
    dev: false

  /@types/http-cache-semantics/4.0.1:
    resolution: {integrity: sha512-SZs7ekbP8CN0txVG2xVRH6EgKmEm31BOxA07vkFaETzZz1xh+cbt8BcI0slpymvwhx5dlFnQG2rTlPVQn+iRPQ==}
    dev: false

  /cacheable-lookup/7.0.0:
    resolution: {integrity: sha512-+qJyx4xiKra8mZrcwhjMRMUhD5NR1R8esPkzIYxX96JiecFoxAXFuz/GpR3+ev4PE1WamHip78wV0vcmPQtp8w==}
    engines: {node: '>=14.16'}
    dev: false

  /cacheable-request/10.2.3:
    resolution: {integrity: sha512-6BehRBOs7iurNjAYN9iPazTwFDaMQavJO8W1MEm3s2pH8q/tkPTtLDRUZaweWK87WFGf2Y5wLAlaCJlR5kOz3w==}
    engines: {node: '>=14.16'}
    dependencies:
      '@types/http-cache-semantics': 4.0.1
      get-stream: 6.0.1
      http-cache-semantics: 4.1.0
      keyv: 4.5.2
      mimic-response: 4.0.0
      normalize-url: 8.0.0
      responselike: 3.0.0
    dev: false

  /decompress-response/6.0.0:
    resolution: {integrity: sha512-aW35yZM6Bb/4oJlZncMH2LCoZtJXTRxES17vE3hoRiowU2kWHaJKFkSBDnDR+cm9J+9QhXmREyIfv0pji9ejCQ==}
    engines: {node: '>=10'}
    dependencies:
      mimic-response: 3.1.0
    dev: false

  /defer-to-connect/2.0.1:
    resolution: {integrity: sha512-4tvttepXG1VaYGrRibk5EwJd1t4udunSOVMdLSAL6mId1ix438oPwPZMALY41FCijukO1L0twNcGsdzS7dHgDg==}
    engines: {node: '>=10'}
    dev: false

  /form-data-encoder/2.1.4:
    resolution: {integrity: sha512-yDYSgNMraqvnxiEXO4hi88+YZxaHC6QKzb5N84iRCTDeRO7ZALpir/lVmf/uXUhnwUr2O4HU8s/n6x+yNjQkHw==}
    engines: {node: '>= 14.17'}
    dev: false

  /get-stream/6.0.1:
    resolution: {integrity: sha512-ts6Wi+2j3jQjqi70w5AlN8DFnkSwC+MqmxEzdEALB2qXZYV3X/b1CTfgPLGJNMeAWxdPfU8FO1ms3NUfaHCPYg==}
    engines: {node: '>=10'}
    dev: false

  /got/12.5.3:
    resolution: {integrity: sha512-8wKnb9MGU8IPGRIo+/ukTy9XLJBwDiCpIf5TVzQ9Cpol50eMTpBq2GAuDsuDIz7hTYmZgMgC1e9ydr6kSDWs3w==}
    engines: {node: '>=14.16'}
    dependencies:
      '@sindresorhus/is': 5.3.0
      '@szmarczak/http-timer': 5.0.1
      cacheable-lookup: 7.0.0
      cacheable-request: 10.2.3
      decompress-response: 6.0.0
      form-data-encoder: 2.1.4
      get-stream: 6.0.1
      http2-wrapper: 2.2.0
      lowercase-keys: 3.0.0
      p-cancelable: 3.0.0
      responselike: 3.0.0
    dev: false

  /http-cache-semantics/4.1.0:
    resolution: {integrity: sha512-carPklcUh7ROWRK7Cv27RPtdhYhUsela/ue5/jKzjegVvXDqM2ILE9Q2BGn9JZJh1g87cp56su/FgQSzcWS8cQ==}
    dev: false

  /http2-wrapper/2.2.0:
    resolution: {integrity: sha512-kZB0wxMo0sh1PehyjJUWRFEd99KC5TLjZ2cULC4f9iqJBAmKQQXEICjxl5iPJRwP40dpeHFqqhm7tYCvODpqpQ==}
    engines: {node: '>=10.19.0'}
    dependencies:
      quick-lru: 5.1.1
      resolve-alpn: 1.2.1
    dev: false

  /json-buffer/3.0.1:
    resolution: {integrity: sha512-4bV5BfR2mqfQTJm+V5tPPdf+ZpuhiIvTuAB5g8kcrXOZpTT/QwwVRWBywX1ozr6lEuPdbHxwaJlm9G6mI2sfSQ==}
    dev: false

  /keyv/4.5.2:
    resolution: {integrity: sha512-5MHbFaKn8cNSmVW7BYnijeAVlE4cYA/SVkifVgrh7yotnfhKmjuXpDKjrABLnT0SfHWV21P8ow07OGfRrNDg8g==}
    dependencies:
      json-buffer: 3.0.1
    dev: false

  /lowercase-keys/3.0.0:
    resolution: {integrity: sha512-ozCC6gdQ+glXOQsveKD0YsDy8DSQFjDTz4zyzEHNV5+JP5D62LmfDZ6o1cycFx9ouG940M5dE8C8CTewdj2YWQ==}
    engines: {node: ^12.20.0 || ^14.13.1 || >=16.0.0}
    dev: false

  /mimic-response/3.1.0:
    resolution: {integrity: sha512-z0yWI+4FDrrweS8Zmt4Ej5HdJmky15+L2e6Wgn3+iK5fWzb6T3fhNFq2+MeTRb064c6Wr4N/wv0DzQTjNzHNGQ==}
    engines: {node: '>=10'}
    dev: false

  /mimic-response/4.0.0:
    resolution: {integrity: sha512-e5ISH9xMYU0DzrT+jl8q2ze9D6eWBto+I8CNpe+VI+K2J/F/k3PdkdTdz4wvGVH4NTpo+NRYTVIuMQEMMcsLqg==}
    engines: {node: ^12.20.0 || ^14.13.1 || >=16.0.0}
    dev: false

  /noble-secp256k1/1.2.14:
    resolution: {integrity: sha512-GSCXyoZBUaaPwVWdYncMEmzlSUjF9J/YeEHpklYJCyg8wPuJP3NzDx0BkiwArzINkdX2HJHvUJhL6vVWPOQQcg==}
    deprecated: Switch to namespaced @noble/secp256k1 for security and feature updates
    dev: false

  /normalize-url/8.0.0:
    resolution: {integrity: sha512-uVFpKhj5MheNBJRTiMZ9pE/7hD1QTeEvugSJW/OmLzAp78PB5O6adfMNTvmfKhXBkvCzC+rqifWcVYpGFwTjnw==}
    engines: {node: '>=14.16'}
    dev: false

  /p-cancelable/3.0.0:
    resolution: {integrity: sha512-mlVgR3PGuzlo0MmTdk4cXqXWlwQDLnONTAg6sm62XkMJEiRxN3GL3SffkYvqwonbkJBcrI7Uvv5Zh9yjvn2iUw==}
    engines: {node: '>=12.20'}
    dev: false

  /prettier/2.8.1:
    resolution: {integrity: sha512-lqGoSJBQNJidqCHE80vqZJHWHRFoNYsSpP9AjFhlhi9ODCJA541svILes/+/1GM3VaL/abZi7cpFzOpdR9UPKg==}
    engines: {node: '>=10.13.0'}
    hasBin: true
    dev: false

  /quick-lru/5.1.1:
    resolution: {integrity: sha512-WuyALRjWPDGtt/wzJiadO5AXY+8hZ80hVpe6MyivgraREW751X3SbhRvG3eLKOYN+8VEvqLcf3wdnt44Z4S4SA==}
    engines: {node: '>=10'}
    dev: false

  /resolve-alpn/1.2.1:
    resolution: {integrity: sha512-0a1F4l73/ZFZOakJnQ3FvkJ2+gSTQWz/r2KE5OdDY0TxPm5h4GkqkWWfM47T7HsbnOtcJVEF4epCVy6u7Q3K+g==}
    dev: false

  /responselike/3.0.0:
    resolution: {integrity: sha512-40yHxbNcl2+rzXvZuVkrYohathsSJlMTXKryG5y8uciHv1+xDLHQpgjG64JUO9nrEq2jGLH6IZ8BcZyw3wrweg==}
    engines: {node: '>=14.16'}
    dependencies:
      lowercase-keys: 3.0.0
    dev: false

  /ws/8.11.0:
    resolution: {integrity: sha512-HPG3wQd9sNQoT9xHyNCXoDUa+Xw/VevmY9FoHyQ+g+rrMn4j6FB4np7Z0OhdTgjx6MgQLK7jwSy1YecU1+4Asg==}
    engines: {node: '>=10.0.0'}
    peerDependencies:
      bufferutil: ^4.0.1
      utf-8-validate: ^5.0.2
    peerDependenciesMeta:
      bufferutil:
        optional: true
      utf-8-validate:
        optional: true
    dev: false

  github.com/jb55/nostr-js/e27e92f121decf7c2b55c5f2e7be55a5a9e3e051:
    resolution: {tarball: https://codeload.github.com/jb55/nostr-js/tar.gz/e27e92f121decf7c2b55c5f2e7be55a5a9e3e051}
    name: nostr
    version: 0.2.7
    dependencies:
      noble-secp256k1: 1.2.14
      ws: 8.11.0
    transitivePeerDependencies:
      - bufferutil
      - utf-8-validate
    dev: false
